Microsoft Visual Studio Solution File, Format Version 9.00
# Visual Studio 2005
Project("{FAE04EC0-301F-11D3-BF4B-00C04F79EFBC}") = "Scheme", "Scheme\Scheme.csproj", "{C44BF428-3A02-4179-A908-AB84E90BEDDE}"
EndProject
Project("{FAE04EC0-301F-11D3-BF4B-00C04F79EFBC}") = "SchemeTest", "SchemeTest\SchemeTest.csproj", "{FBBBB0AD-C2AF-498F-AE51-392B7677A60D}"
EndProject
Project("{FAE04EC0-301F-11D3-BF4B-00C04F79EFBC}") = "SchemeUnit", "SchemeUnit\SchemeUnit.csproj", "{3B789C0A-A8B1-4ECA-A192-CA2FB9171F00}"
EndProject
Project("{2150E333-8FDC-42A3-9474-1A3956D46DE8}") = "Solution Items", "Solution Items", "{5260DAF2-3209-4A4F-9970-C9DAD6ECD9DD}"
	ProjectSection(SolutionItems) = preProject
		Licence.txt = Licence.txt
	EndProjectSection
EndProject
Project("{FAE04EC0-301F-11D3-BF4B-00C04F79EFBC}") = "SchemeUI", "SchemeUI\SchemeUI.csproj", "{889426AD-C9B1-4748-8638-88A5F8F91E94}"
EndProject
Project("{FAE04EC0-301F-11D3-BF4B-00C04F79EFBC}") = "SchemeForms", "SchemeForms\SchemeForms.csproj", "{BFFCFEB4-5BF5-486E-BB36-167EDFD37B5E}"
EndProject
Global
	GlobalSection(SolutionConfigurationPlatforms) = preSolution
		Debug|Any CPU = Debug|Any CPU
		Release|Any CPU = Release|Any CPU
	EndGlobalSection
	GlobalSection(ProjectConfigurationPlatforms) = postSolution
		{C44BF428-3A02-4179-A908-AB84E90BEDDE}.Debug|Any CPU.ActiveCfg = Debug|Any CPU
		{C44BF428-3A02-4179-A908-AB84E90BEDDE}.Debug|Any CPU.Build.0 = Debug|Any CPU
		{C44BF428-3A02-4179-A908-AB84E90BEDDE}.Release|Any CPU.ActiveCfg = Release|Any CPU
		{C44BF428-3A02-4179-A908-AB84E90BEDDE}.Release|Any CPU.Build.0 = Release|Any CPU
		{FBBBB0AD-C2AF-498F-AE51-392B7677A60D}.Debug|Any CPU.ActiveCfg = Debug|Any CPU
		{FBBBB0AD-C2AF-498F-AE51-392B7677A60D}.Debug|Any CPU.Build.0 = Debug|Any CPU
		{FBBBB0AD-C2AF-498F-AE51-392B7677A60D}.Release|Any CPU.ActiveCfg = Release|Any CPU
		{FBBBB0AD-C2AF-498F-AE51-392B7677A60D}.Release|Any CPU.Build.0 = Release|Any CPU
		{3B789C0A-A8B1-4ECA-A192-CA2FB9171F00}.Debug|Any CPU.ActiveCfg = Debug|Any CPU
		{3B789C0A-A8B1-4ECA-A192-CA2FB9171F00}.Debug|Any CPU.Build.0 = Debug|Any CPU
		{3B789C0A-A8B1-4ECA-A192-CA2FB9171F00}.Release|Any CPU.ActiveCfg = Release|Any CPU
		{3B789C0A-A8B1-4ECA-A192-CA2FB9171F00}.Release|Any CPU.Build.0 = Release|Any CPU
		{889426AD-C9B1-4748-8638-88A5F8F91E94}.Debug|Any CPU.ActiveCfg = Debug|Any CPU
		{889426AD-C9B1-4748-8638-88A5F8F91E94}.Debug|Any CPU.Build.0 = Debug|Any CPU
		{889426AD-C9B1-4748-8638-88A5F8F91E94}.Release|Any CPU.ActiveCfg = Release|Any CPU
		{889426AD-C9B1-4748-8638-88A5F8F91E94}.Release|Any CPU.Build.0 = Release|Any CPU
		{BFFCFEB4-5BF5-486E-BB36-167EDFD37B5E}.Debug|Any CPU.ActiveCfg = Debug|Any CPU
		{BFFCFEB4-5BF5-486E-BB36-167EDFD37B5E}.Debug|Any CPU.Build.0 = Debug|Any CPU
		{BFFCFEB4-5BF5-486E-BB36-167EDFD37B5E}.Release|Any CPU.ActiveCfg = Release|Any CPU
		{BFFCFEB4-5BF5-486E-BB36-167EDFD37B5E}.Release|Any CPU.Build.0 = Release|Any CPU
	EndGlobalSection
	GlobalSection(SolutionProperties) = preSolution
		HideSolutionNode = FALSE
	EndGlobalSection
EndGlobal
